
Microsoft Visual Studio Solution File, Format Version 12.00
# Visual Studio 15
VisualStudioVersion = 15.0.26403.7
MinimumVisualStudioVersion = 10.0.40219.1
Project("{FAE04EC0-301F-11D3-BF4B-00C04F79EFBC}") = "Reverse-Words", "Reverse-Words\Reverse-Words.csproj", "{59DD287C-E7D8-4AD0-B601-FE159B709782}"
EndProject
Project("{FAE04EC0-301F-11D3-BF4B-00C04F79EFBC}") = "UnitTests", "UnitTests\UnitTests.csproj", "{202AF119-2F1B-4A51-BB89-E991DD3D7924}"
EndProject
Global
	GlobalSection(SolutionConfigurationPlatforms) = preSolution
		Debug|Any CPU = Debug|Any CPU
		Release|Any CPU = Release|Any CPU
	EndGlobalSection
	GlobalSection(ProjectConfigurationPlatforms) = postSolution
		{59DD287C-E7D8-4AD0-B601-FE159B709782}.Debug|Any CPU.ActiveCfg = Debug|Any CPU
		{59DD287C-E7D8-4AD0-B601-FE159B709782}.Debug|Any CPU.Build.0 = Debug|Any CPU
		{59DD287C-E7D8-4AD0-B601-FE159B709782}.Release|Any CPU.ActiveCfg = Release|Any CPU
		{59DD287C-E7D8-4AD0-B601-FE159B709782}.Release|Any CPU.Build.0 = Release|Any CPU
		{202AF119-2F1B-4A51-BB89-E991DD3D7924}.Debug|Any CPU.ActiveCfg = Debug|Any CPU
		{202AF119-2F1B-4A51-BB89-E991DD3D7924}.Debug|Any CPU.Build.0 = Debug|Any CPU
		{202AF119-2F1B-4A51-BB89-E991DD3D7924}.Release|Any CPU.ActiveCfg = Release|Any CPU
		{202AF119-2F1B-4A51-BB89-E991DD3D7924}.Release|Any CPU.Build.0 = Release|Any CPU
	EndGlobalSection
	GlobalSection(SolutionProperties) = preSolution
		HideSolutionNode = FALSE
	EndGlobalSection
EndGlobal
